// !$*UTF8*$!
{
	archiveVersion = 1;
	classes = {
	};
	objectVersion = 46;
	objects = {

/* Begin PBXBuildFile section */
		E13E64F11C08579B0062F932 /* GenerateThumbnailForURL.m in Sources */ = {isa = PBXBuildFile; fileRef = E13E64F01C08579B0062F932 /* GenerateThumbnailForURL.m */; };
		E13E64F31C08579B0062F932 /* GeneratePreviewForURL.m in Sources */ = {isa = PBXBuildFile; fileRef = E13E64F21C08579B0062F932 /* GeneratePreviewForURL.m */; };
		E13E64F51C08579B0062F932 /* main.c in Sources */ = {isa = PBXBuildFile; fileRef = E13E64F41C08579B0062F932 /* main.c */; };
/* End PBXBuildFile section */

/* Begin PBXFileReference section */
		E13E64EB1C08579B0062F932 /* Krita.qlgenerator */ = {isa = PBXFileReference; explicitFileType = wrapper.cfbundle; includeInIndex = 0; path = Krita.qlgenerator; sourceTree = BUILT_PRODUCTS_DIR; };
		E13E64EF1C08579B0062F932 /* Info.plist */ = {isa = PBXFileReference; lastKnownFileType = text.plist.xml; path = Info.plist; sourceTree = "<group>"; };
		E13E64F01C08579B0062F932 /* GenerateThumbnailForURL.m */ = {isa = PBXFileReference; lastKnownFileType = sourcecode.c.objc; path = GenerateThumbnailForURL.m; sourceTree = "<group>"; };
		E13E64F21C08579B0062F932 /* GeneratePreviewForURL.m */ = {isa = PBXFileReference; lastKnownFileType = sourcecode.c.objc; path = GeneratePreviewForURL.m; sourceTree = "<group>"; };
		E13E64F41C08579B0062F932 /* main.c */ = {isa = PBXFileReference; lastKnownFileType = sourcecode.c.c; path = main.c; sourceTree = "<group>"; };
/* End PBXFileReference section */

/* Begin PBXFrameworksBuildPhase section */
		E13E64E71C08579B0062F932 /* Frameworks */ = {
			isa = PBXFrameworksBuildPhase;
			buildActionMask = 2147483647;
			files = (
			);
			runOnlyForDeploymentPostprocessing = 0;
		};
/* End PBXFrameworksBuildPhase section */

/* Begin PBXGroup section */
		E13E64E11C08579B0062F932 = {
			isa = PBXGroup;
			children = (
				E13E64ED1C08579B0062F932 /* kritaquicklook */,
				E13E64EC1C08579B0062F932 /* Products */,
			);
			sourceTree = "<group>";
		};
		E13E64EC1C08579B0062F932 /* Products */ = {
			isa = PBXGroup;
			children = (
				E13E64EB1C08579B0062F932 /* Krita.qlgenerator */,
			);
			name = Products;
			sourceTree = "<group>";
		};
		E13E64ED1C08579B0062F932 /* kritaquicklook */ = {
			isa = PBXGroup;
			children = (
				E13E64F01C08579B0062F932 /* GenerateThumbnailForURL.m */,
				E13E64F21C08579B0062F932 /* GeneratePreviewForURL.m */,
				E13E64F41C08579B0062F932 /* main.c */,
				E13E64EE1C08579B0062F932 /* Supporting Files */,
			);
			path = kritaquicklook;
			sourceTree = "<group>";
		};
		E13E64EE1C08579B0062F932 /* Supporting Files */ = {
			isa = PBXGroup;
			children = (
				E13E64EF1C08579B0062F932 /* Info.plist */,
			);
			name = "Supporting Files";
			sourceTree = "<group>";
		};
/* End PBXGroup section */

/* Begin PBXHeadersBuildPhase section */
		E13E64E81C08579B0062F932 /* Headers */ = {
			isa = PBXHeadersBuildPhase;
			buildActionMask = 2147483647;
			files = (
			);
			runOnlyForDeploymentPostprocessing = 0;
		};
/* End PBXHeadersBuildPhase section */

/* Begin PBXNativeTarget section */
		E13E64EA1C08579B0062F932 /* kritaquicklook */ = {
			isa = PBXNativeTarget;
			buildConfigurationList = E13E64F81C08579B0062F932 /* Build configuration list for PBXNativeTarget "kritaquicklook" */;
			buildPhases = (
				E13E64E61C08579B0062F932 /* Sources */,
				E13E64E71C08579B0062F932 /* Frameworks */,
				E13E64E81C08579B0062F932 /* Headers */,
				E13E64E91C08579B0062F932 /* Resources */,
			);
			buildRules = (
			);
			dependencies = (
			);
			name = kritaquicklook;
			productName = Krita;
			productReference = E13E64EB1C08579B0062F932 /* Krita.qlgenerator */;
			productType = "com.apple.product-type.bundle";
		};
/* End PBXNativeTarget section */

/* Begin PBXProject section */
		E13E64E21C08579B0062F932 /* Project object */ = {
			isa = PBXProject;
			attributes = {
				LastUpgradeCheck = 0620;
				ORGANIZATIONNAME = "Krita Foundation";
				TargetAttributes = {
					E13E64EA1C08579B0062F932 = {
						CreatedOnToolsVersion = 6.2;
					};
				};
			};
			buildConfigurationList = E13E64E51C08579B0062F932 /* Build configuration list for PBXProject "kritaquicklook" */;
			compatibilityVersion = "Xcode 3.2";
			developmentRegion = English;
			hasScannedForEncodings = 0;
			knownRegions = (
				en,
			);
			mainGroup = E13E64E11C08579B0062F932;
			productRefGroup = E13E64EC1C08579B0062F932 /* Products */;
			projectDirPath = "";
			projectRoot = "";
			targets = (
				E13E64EA1C08579B0062F932 /* kritaquicklook */,
			);
		};
/* End PBXProject section */

/* Begin PBXResourcesBuildPhase section */
		E13E64E91C08579B0062F932 /* Resources */ = {
			isa = PBXResourcesBuildPhase;
			buildActionMask = 2147483647;
			files = (
			);
			runOnlyForDeploymentPostprocessing = 0;
		};
/* End PBXResourcesBuildPhase section */

/* Begin PBXSourcesBuildPhase section */
		E13E64E61C08579B0062F932 /* Sources */ = {
			isa = PBXSourcesBuildPhase;
			buildActionMask = 2147483647;
			files = (
				E13E64F11C08579B0062F932 /* GenerateThumbnailForURL.m in Sources */,
				E13E64F31C08579B0062F932 /* GeneratePreviewForURL.m in Sources */,
				E13E64F51C08579B0062F932 /* main.c in Sources */,
			);
			runOnlyForDeploymentPostprocessing = 0;
		};
/* End PBXSourcesBuildPhase section */

/* Begin XCBuildConfiguration section */
		E13E64F61C08579B0062F932 /* Debug */ = {
			isa = XCBuildConfiguration;
			buildSettings = {
				ALWAYS_SEARCH_USER_PATHS = NO;
				CLANG_CXX_LANGUAGE_STANDARD = "gnu++0x";
				CLANG_CXX_LIBRARY = "libc++";
				CLANG_ENABLE_MODULES = YES;
				CLANG_ENABLE_OBJC_ARC = YES;
				CLANG_WARN_BOOL_CONVERSION = YES;
				CLANG_WARN_CONSTANT_CONVERSION = YES;
				CLANG_WARN_DIRECT_OBJC_ISA_USAGE = YES_ERROR;
				CLANG_WARN_EMPTY_BODY = YES;
				CLANG_WARN_ENUM_CONVERSION = YES;
				CLANG_WARN_INT_CONVERSION = YES;
				CLANG_WARN_OBJC_ROOT_CLASS = YES_ERROR;
				CLANG_WARN_UNREACHABLE_CODE = YES;
				CLANG_WARN__DUPLICATE_METHOD_MATCH = YES;
				COPY_PHASE_STRIP = NO;
				ENABLE_STRICT_OBJC_MSGSEND = YES;
				GCC_C_LANGUAGE_STANDARD = gnu99;
				GCC_DYNAMIC_NO_PIC = NO;
				GCC_OPTIMIZATION_LEVEL = 0;
				GCC_PREPROCESSOR_DEFINITIONS = (
					"DEBUG=1",
					"$(inherited)",
				);
				GCC_SYMBOLS_PRIVATE_EXTERN = NO;
				GCC_WARN_64_TO_32_BIT_CONVERSION = YES;
				GCC_WARN_ABOUT_RETURN_TYPE = YES_ERROR;
				GCC_WARN_UNDECLARED_SELECTOR = YES;
				GCC_WARN_UNINITIALIZED_AUTOS = YES_AGGRESSIVE;
				GCC_WARN_UNUSED_FUNCTION = YES;
				GCC_WARN_UNUSED_VARIABLE = YES;
				MACOSX_DEPLOYMENT_TARGET = 10.9;
				MTL_ENABLE_DEBUG_INFO = YES;
				ONLY_ACTIVE_ARCH = YES;
				SDKROOT = macosx;
			};
			name = Debug;
		};
		E13E64F71C08579B0062F932 /* Release */ = {
			isa = XCBuildConfiguration;
			buildSettings = {
				ALWAYS_SEARCH_USER_PATHS = NO;
				CLANG_CXX_LANGUAGE_STANDARD = "gnu++0x";
				CLANG_CXX_LIBRARY = "libc++";
				CLANG_ENABLE_MODULES = YES;
				CLANG_ENABLE_OBJC_ARC = YES;
				CLANG_WARN_BOOL_CONVERSION = YES;
				CLANG_WARN_CONSTANT_CONVERSION = YES;
				CLANG_WARN_DIRECT_OBJC_ISA_USAGE = YES_ERROR;
				CLANG_WARN_EMPTY_BODY = YES;
				CLANG_WARN_ENUM_CONVERSION = YES;
				CLANG_WARN_INT_CONVERSION = YES;
				CLANG_WARN_OBJC_ROOT_CLASS = YES_ERROR;
				CLANG_WARN_UNREACHABLE_CODE = YES;
				CLANG_WARN__DUPLICATE_METHOD_MATCH = YES;
				COPY_PHASE_STRIP = NO;
				DEBUG_INFORMATION_FORMAT = "dwarf-with-dsym";
				ENABLE_NS_ASSERTIONS = NO;
				ENABLE_STRICT_OBJC_MSGSEND = YES;
				GCC_C_LANGUAGE_STANDARD = gnu99;
				GCC_WARN_64_TO_32_BIT_CONVERSION = YES;
				GCC_WARN_ABOUT_RETURN_TYPE = YES_ERROR;
				GCC_WARN_UNDECLARED_SELECTOR = YES;
				GCC_WARN_UNINITIALIZED_AUTOS = YES_AGGRESSIVE;
				GCC_WARN_UNUSED_FUNCTION = YES;
				GCC_WARN_UNUSED_VARIABLE = YES;
				MACOSX_DEPLOYMENT_TARGET = 10.9;
				MTL_ENABLE_DEBUG_INFO = NO;
				SDKROOT = macosx;
			};
			name = Release;
		};
		E13E64F91C08579B0062F932 /* Debug */ = {
			isa = XCBuildConfiguration;
			buildSettings = {
				ALWAYS_SEARCH_USER_PATHS = YES;
				CLANG_ENABLE_OBJC_ARC = NO;
				COMBINE_HIDPI_IMAGES = YES;
				FRAMEWORK_SEARCH_PATHS = (
					"$(inherited)",
					/Users/alvina/kf5/QuickLook/ZipFramework,
					"/Users/alvina/kf5/QuickLook/ZipFramework-src",
				);
				INFOPLIST_FILE = kritaquicklook/Info.plist;
				INSTALL_PATH = /Library/QuickLook;
				LIBRARY_SEARCH_PATHS = (
					"$(inherited)",
					/Users/alvina/kf5/QuickLook/ZipArchive,
				);
				PRODUCT_NAME = "$(TARGET_NAME)";
				USER_HEADER_SEARCH_PATHS = "";
				"USER_HEADER_SEARCH_PATHS[arch=*]" = "/Users/alvina/kf5/QuickLook/ZipFramework-src/**";
				WRAPPER_EXTENSION = qlgenerator;
			};
			name = Debug;
		};
		E13E64FA1C08579B0062F932 /* Release */ = {
			isa = XCBuildConfiguration;
			buildSettings = {
				ALWAYS_SEARCH_USER_PATHS = YES;
				CLANG_ENABLE_OBJC_ARC = NO;
				COMBINE_HIDPI_IMAGES = YES;
				FRAMEWORK_SEARCH_PATHS = (
					"$(inherited)",
					/Users/alvina/kf5/QuickLook/ZipFramework,
					"/Users/alvina/kf5/QuickLook/ZipFramework-src",
				);
				INFOPLIST_FILE = kritaquicklook/Info.plist;
				INSTALL_PATH = /Library/QuickLook;
				LIBRARY_SEARCH_PATHS = (
					"$(inherited)",
					/Users/alvina/kf5/QuickLook/ZipArchive,
				);
				PRODUCT_NAME = "$(TARGET_NAME)";
				USER_HEADER_SEARCH_PATHS = "";
				"USER_HEADER_SEARCH_PATHS[arch=*]" = "/Users/alvina/kf5/QuickLook/ZipFramework-src/**";
				WRAPPER_EXTENSION = qlgenerator;
			};
			name = Release;
		};
/* End XCBuildConfiguration section */

/* Begin XCConfigurationList section */
		E13E64E51C08579B0062F932 /* Build configuration list for PBXProject "kritaquicklook" */ = {
			isa = XCConfigurationList;
			buildConfigurations = (
				E13E64F61C08579B0062F932 /* Debug */,
				E13E64F71C08579B0062F932 /* Release */,
			);
			defaultConfigurationIsVisible = 0;
			defaultConfigurationName = Release;
		};
		E13E64F81C08579B0062F932 /* Build configuration list for PBXNativeTarget "kritaquicklook" */ = {
			isa = XCConfigurationList;
			buildConfigurations = (
				E13E64F91C08579B0062F932 /* Debug */,
				E13E64FA1C08579B0062F932 /* Release */,
			);
			defaultConfigurationIsVisible = 0;
			defaultConfigurationName = Release;
		};
/* End XCConfigurationList section */
	};
	rootObject = E13E64E21C08579B0062F932 /* Project object */;
}
