// !$*UTF8*$!
{
	archiveVersion = 1;
	classes = {
	};
	objectVersion = 50;
	objects = {

/* Begin PBXBuildFile section */
		84B7B62925619404003662DB /* QuickLookThumbnailing.framework in Frameworks */ = {isa = PBXBuildFile; fileRef = 84B7B62825619404003662DB /* QuickLookThumbnailing.framework */; };
		84B7B62B25619404003662DB /* Quartz.framework in Frameworks */ = {isa = PBXBuildFile; fileRef = 84B7B62A25619404003662DB /* Quartz.framework */; };
		84B7B62E25619404003662DB /* ThumbnailProvider.swift in Sources */ = {isa = PBXBuildFile; fileRef = 84B7B62D25619404003662DB /* ThumbnailProvider.swift */; };
		84B7B63425619534003662DB /* libunziptask.a in Frameworks */ = {isa = PBXBuildFile; fileRef = 84D505D725608693005AFC55 /* libunziptask.a */; };
		84D505DB256086B4005AFC55 /* UnzipTask.h in Headers */ = {isa = PBXBuildFile; fileRef = 84D6513A256043A000CC2E75 /* UnzipTask.h */; settings = {ATTRIBUTES = (Private, ); }; };
		84D505DC256086B4005AFC55 /* ioapi.h in Headers */ = {isa = PBXBuildFile; fileRef = 84D5059D256056BF005AFC55 /* ioapi.h */; };
		84D505DD256086B4005AFC55 /* unzip.h in Headers */ = {isa = PBXBuildFile; fileRef = 84D505962560520B005AFC55 /* unzip.h */; };
		84D505DE256086C1005AFC55 /* UnzipTask.m in Sources */ = {isa = PBXBuildFile; fileRef = 84D65139256043A000CC2E75 /* UnzipTask.m */; };
		84D505DF256086C1005AFC55 /* ioapi.c in Sources */ = {isa = PBXBuildFile; fileRef = 84D5059C256056BF005AFC55 /* ioapi.c */; };
		84D505E0256086C1005AFC55 /* unzip.c in Sources */ = {isa = PBXBuildFile; fileRef = 84D505972560520B005AFC55 /* unzip.c */; };
		84D505E2256086CA005AFC55 /* libunziptask.a in Frameworks */ = {isa = PBXBuildFile; fileRef = 84D505D725608693005AFC55 /* libunziptask.a */; };
		84D505E5256086D0005AFC55 /* libunziptask.a in Frameworks */ = {isa = PBXBuildFile; fileRef = 84D505D725608693005AFC55 /* libunziptask.a */; };
		84D6510E2560370B00CC2E75 /* main.c in Sources */ = {isa = PBXBuildFile; fileRef = 84D6510D2560370B00CC2E75 /* main.c */; };
		84D6511B2560371600CC2E75 /* main.c in Sources */ = {isa = PBXBuildFile; fileRef = 84D6511A2560371600CC2E75 /* main.c */; };
		84D6511D2560371600CC2E75 /* GetMetadataForFile.m in Sources */ = {isa = PBXBuildFile; fileRef = 84D6511C2560371600CC2E75 /* GetMetadataForFile.m */; };
		84D6513025603A1E00CC2E75 /* GenerateThumbnailForURL.m in Sources */ = {isa = PBXBuildFile; fileRef = 84D6512E25603A1E00CC2E75 /* GenerateThumbnailForURL.m */; };
		84D6513125603A1E00CC2E75 /* GeneratePreviewForURL.m in Sources */ = {isa = PBXBuildFile; fileRef = 84D6512F25603A1E00CC2E75 /* GeneratePreviewForURL.m */; };
/* End PBXBuildFile section */

/* Begin PBXContainerItemProxy section */
		84B7B63525619534003662DB /* PBXContainerItemProxy */ = {
			isa = PBXContainerItemProxy;
			containerPortal = 84D650F0256036F000CC2E75 /* Project object */;
			proxyType = 1;
			remoteGlobalIDString = 84D505D625608693005AFC55;
			remoteInfo = unziptask;
		};
		84D505E3256086CA005AFC55 /* PBXContainerItemProxy */ = {
			isa = PBXContainerItemProxy;
			containerPortal = 84D650F0256036F000CC2E75 /* Project object */;
			proxyType = 1;
			remoteGlobalIDString = 84D505D625608693005AFC55;
			remoteInfo = unziptask;
		};
		84D505E6256086D0005AFC55 /* PBXContainerItemProxy */ = {
			isa = PBXContainerItemProxy;
			containerPortal = 84D650F0256036F000CC2E75 /* Project object */;
			proxyType = 1;
			remoteGlobalIDString = 84D505D625608693005AFC55;
			remoteInfo = unziptask;
		};
/* End PBXContainerItemProxy section */

/* Begin PBXCopyFilesBuildPhase section */
		84D505B4256072AD005AFC55 /* Embed Libraries */ = {
			isa = PBXCopyFilesBuildPhase;
			buildActionMask = 2147483647;
			dstPath = "";
			dstSubfolderSpec = 10;
			files = (
			);
			name = "Embed Libraries";
			runOnlyForDeploymentPostprocessing = 0;
		};
		84D505B925607381005AFC55 /* Embed Libraries */ = {
			isa = PBXCopyFilesBuildPhase;
			buildActionMask = 2147483647;
			dstPath = "";
			dstSubfolderSpec = 10;
			files = (
			);
			name = "Embed Libraries";
			runOnlyForDeploymentPostprocessing = 0;
		};
/* End PBXCopyFilesBuildPhase section */

/* Begin PBXFileReference section */
		84A059912560A72500E4EAFD /* libbz2.tbd */ = {isa = PBXFileReference; lastKnownFileType = "sourcecode.text-based-dylib-definition"; name = libbz2.tbd; path = usr/lib/libbz2.tbd; sourceTree = SDKROOT; };
		84A059942560A75000E4EAFD /* libz.tbd */ = {isa = PBXFileReference; lastKnownFileType = "sourcecode.text-based-dylib-definition"; name = libz.tbd; path = usr/lib/libz.tbd; sourceTree = SDKROOT; };
		84A059962560A7D100E4EAFD /* libbz2.1.0.5.tbd */ = {isa = PBXFileReference; lastKnownFileType = "sourcecode.text-based-dylib-definition"; name = libbz2.1.0.5.tbd; path = usr/lib/libbz2.1.0.5.tbd; sourceTree = SDKROOT; };
		84B7B62725619404003662DB /* kritaquicklookng.appex */ = {isa = PBXFileReference; explicitFileType = "wrapper.app-extension"; includeInIndex = 0; path = kritaquicklookng.appex; sourceTree = BUILT_PRODUCTS_DIR; };
		84B7B62825619404003662DB /* QuickLookThumbnailing.framework */ = {isa = PBXFileReference; lastKnownFileType = wrapper.framework; name = QuickLookThumbnailing.framework; path = System/Library/Frameworks/QuickLookThumbnailing.framework; sourceTree = SDKROOT; };
		84B7B62A25619404003662DB /* Quartz.framework */ = {isa = PBXFileReference; lastKnownFileType = wrapper.framework; name = Quartz.framework; path = System/Library/Frameworks/Quartz.framework; sourceTree = SDKROOT; };
		84B7B62D25619404003662DB /* ThumbnailProvider.swift */ = {isa = PBXFileReference; lastKnownFileType = sourcecode.swift; path = ThumbnailProvider.swift; sourceTree = "<group>"; };
		84B7B62F25619404003662DB /* Info.plist */ = {isa = PBXFileReference; lastKnownFileType = text.plist.xml; path = Info.plist; sourceTree = "<group>"; };
		84B7B63025619404003662DB /* quicklookng.entitlements */ = {isa = PBXFileReference; lastKnownFileType = text.plist.entitlements; path = quicklookng.entitlements; sourceTree = "<group>"; };
		84B7B63E256197D9003662DB /* quicklookng-Bridging-Header.h */ = {isa = PBXFileReference; lastKnownFileType = sourcecode.c.h; path = "quicklookng-Bridging-Header.h"; sourceTree = "<group>"; };
		84D505962560520B005AFC55 /* unzip.h */ = {isa = PBXFileReference; fileEncoding = 4; lastKnownFileType = sourcecode.c.h; path = unzip.h; sourceTree = "<group>"; };
		84D505972560520B005AFC55 /* unzip.c */ = {isa = PBXFileReference; fileEncoding = 4; lastKnownFileType = sourcecode.c.c; path = unzip.c; sourceTree = "<group>"; };
		84D5059C256056BF005AFC55 /* ioapi.c */ = {isa = PBXFileReference; fileEncoding = 4; lastKnownFileType = sourcecode.c.c; path = ioapi.c; sourceTree = "<group>"; };
		84D5059D256056BF005AFC55 /* ioapi.h */ = {isa = PBXFileReference; fileEncoding = 4; lastKnownFileType = sourcecode.c.h; path = ioapi.h; sourceTree = "<group>"; };
		84D505D725608693005AFC55 /* libunziptask.a */ = {isa = PBXFileReference; explicitFileType = archive.ar; includeInIndex = 0; path = libunziptask.a; sourceTree = BUILT_PRODUCTS_DIR; };
		84D651072560370B00CC2E75 /* kritaquicklook.qlgenerator */ = {isa = PBXFileReference; explicitFileType = wrapper.cfbundle; includeInIndex = 0; path = kritaquicklook.qlgenerator; sourceTree = BUILT_PRODUCTS_DIR; };
		84D6510D2560370B00CC2E75 /* main.c */ = {isa = PBXFileReference; lastKnownFileType = sourcecode.c.c; path = main.c; sourceTree = "<group>"; };
		84D6510F2560370B00CC2E75 /* Info.plist */ = {isa = PBXFileReference; lastKnownFileType = text.plist.xml; path = Info.plist; sourceTree = "<group>"; };
		84D651172560371600CC2E75 /* kritaspotlight.mdimporter */ = {isa = PBXFileReference; explicitFileType = "wrapper.spotlight-importer"; includeInIndex = 0; path = kritaspotlight.mdimporter; sourceTree = BUILT_PRODUCTS_DIR; };
		84D6511A2560371600CC2E75 /* main.c */ = {isa = PBXFileReference; lastKnownFileType = sourcecode.c.c; name = main.c; path = ../main.c; sourceTree = "<group>"; };
		84D6511C2560371600CC2E75 /* GetMetadataForFile.m */ = {isa = PBXFileReference; lastKnownFileType = sourcecode.c.objc; path = GetMetadataForFile.m; sourceTree = "<group>"; };
		84D651222560371600CC2E75 /* Info.plist */ = {isa = PBXFileReference; lastKnownFileType = text.plist.xml; path = Info.plist; sourceTree = "<group>"; };
		84D6512E25603A1E00CC2E75 /* GenerateThumbnailForURL.m */ = {isa = PBXFileReference; fileEncoding = 4; lastKnownFileType = sourcecode.c.objc; path = GenerateThumbnailForURL.m; sourceTree = "<group>"; };
		84D6512F25603A1E00CC2E75 /* GeneratePreviewForURL.m */ = {isa = PBXFileReference; fileEncoding = 4; lastKnownFileType = sourcecode.c.objc; path = GeneratePreviewForURL.m; sourceTree = "<group>"; };
		84D65139256043A000CC2E75 /* UnzipTask.m */ = {isa = PBXFileReference; fileEncoding = 4; lastKnownFileType = sourcecode.c.objc; path = UnzipTask.m; sourceTree = "<group>"; };
		84D6513A256043A000CC2E75 /* UnzipTask.h */ = {isa = PBXFileReference; fileEncoding = 4; lastKnownFileType = sourcecode.c.h; path = UnzipTask.h; sourceTree = "<group>"; };
/* End PBXFileReference section */

/* Begin PBXFrameworksBuildPhase section */
		84B7B62425619404003662DB /* Frameworks */ = {
			isa = PBXFrameworksBuildPhase;
			buildActionMask = 2147483647;
			files = (
				84B7B62925619404003662DB /* QuickLookThumbnailing.framework in Frameworks */,
				84B7B63425619534003662DB /* libunziptask.a in Frameworks */,
				84B7B62B25619404003662DB /* Quartz.framework in Frameworks */,
			);
			runOnlyForDeploymentPostprocessing = 0;
		};
		84D505D525608693005AFC55 /* Frameworks */ = {
			isa = PBXFrameworksBuildPhase;
			buildActionMask = 2147483647;
			files = (
			);
			runOnlyForDeploymentPostprocessing = 0;
		};
		84D651032560370B00CC2E75 /* Frameworks */ = {
			isa = PBXFrameworksBuildPhase;
			buildActionMask = 2147483647;
			files = (
				84D505E5256086D0005AFC55 /* libunziptask.a in Frameworks */,
			);
			runOnlyForDeploymentPostprocessing = 0;
		};
		84D651142560371600CC2E75 /* Frameworks */ = {
			isa = PBXFrameworksBuildPhase;
			buildActionMask = 2147483647;
			files = (
				84D505E2256086CA005AFC55 /* libunziptask.a in Frameworks */,
			);
			runOnlyForDeploymentPostprocessing = 0;
		};
/* End PBXFrameworksBuildPhase section */

/* Begin PBXGroup section */
		84A059902560A72500E4EAFD /* Frameworks */ = {
			isa = PBXGroup;
			children = (
				84A059962560A7D100E4EAFD /* libbz2.1.0.5.tbd */,
				84A059942560A75000E4EAFD /* libz.tbd */,
				84A059912560A72500E4EAFD /* libbz2.tbd */,
				84B7B62825619404003662DB /* QuickLookThumbnailing.framework */,
				84B7B62A25619404003662DB /* Quartz.framework */,
			);
			name = Frameworks;
			sourceTree = "<group>";
		};
		84B7B62C25619404003662DB /* quicklookng */ = {
			isa = PBXGroup;
			children = (
				84B7B62D25619404003662DB /* ThumbnailProvider.swift */,
				84B7B62F25619404003662DB /* Info.plist */,
				84B7B63025619404003662DB /* quicklookng.entitlements */,
				84B7B63E256197D9003662DB /* quicklookng-Bridging-Header.h */,
			);
			path = quicklookng;
			sourceTree = "<group>";
		};
		84D505AC2560726A005AFC55 /* unzipTask */ = {
			isa = PBXGroup;
			children = (
				84D6513A256043A000CC2E75 /* UnzipTask.h */,
				84D65139256043A000CC2E75 /* UnzipTask.m */,
			);
			path = unzipTask;
			sourceTree = "<group>";
		};
		84D650EF256036F000CC2E75 = {
			isa = PBXGroup;
			children = (
				84D505AC2560726A005AFC55 /* unzipTask */,
				84D6512A2560379A00CC2E75 /* 3rdparty */,
				84D651082560370B00CC2E75 /* quicklook */,
				84D651182560371600CC2E75 /* spotlight */,
				84B7B62C25619404003662DB /* quicklookng */,
				84D650F9256036F000CC2E75 /* Products */,
				84A059902560A72500E4EAFD /* Frameworks */,
			);
			sourceTree = "<group>";
		};
		84D650F9256036F000CC2E75 /* Products */ = {
			isa = PBXGroup;
			children = (
				84D651072560370B00CC2E75 /* kritaquicklook.qlgenerator */,
				84D651172560371600CC2E75 /* kritaspotlight.mdimporter */,
				84D505D725608693005AFC55 /* libunziptask.a */,
				84B7B62725619404003662DB /* kritaquicklookng.appex */,
			);
			name = Products;
			sourceTree = "<group>";
		};
		84D651082560370B00CC2E75 /* quicklook */ = {
			isa = PBXGroup;
			children = (
				84D6512F25603A1E00CC2E75 /* GeneratePreviewForURL.m */,
				84D6512E25603A1E00CC2E75 /* GenerateThumbnailForURL.m */,
				84D6510F2560370B00CC2E75 /* Info.plist */,
				84D6513F256043CC00CC2E75 /* Supporting Files */,
			);
			path = quicklook;
			sourceTree = "<group>";
		};
		84D651182560371600CC2E75 /* spotlight */ = {
			isa = PBXGroup;
			children = (
				84D6511C2560371600CC2E75 /* GetMetadataForFile.m */,
				84D651222560371600CC2E75 /* Info.plist */,
				84D651192560371600CC2E75 /* Supporting Files */,
			);
			path = spotlight;
			sourceTree = "<group>";
		};
		84D651192560371600CC2E75 /* Supporting Files */ = {
			isa = PBXGroup;
			children = (
				84D6511A2560371600CC2E75 /* main.c */,
			);
			path = "Supporting Files";
			sourceTree = "<group>";
		};
		84D6512A2560379A00CC2E75 /* 3rdparty */ = {
			isa = PBXGroup;
			children = (
				84D5059C256056BF005AFC55 /* ioapi.c */,
				84D5059D256056BF005AFC55 /* ioapi.h */,
				84D505972560520B005AFC55 /* unzip.c */,
				84D505962560520B005AFC55 /* unzip.h */,
			);
			path = 3rdparty;
			sourceTree = "<group>";
		};
		84D6513F256043CC00CC2E75 /* Supporting Files */ = {
			isa = PBXGroup;
			children = (
				84D6510D2560370B00CC2E75 /* main.c */,
			);
			name = "Supporting Files";
			sourceTree = "<group>";
		};
/* End PBXGroup section */

/* Begin PBXHeadersBuildPhase section */
		84D505D325608693005AFC55 /* Headers */ = {
			isa = PBXHeadersBuildPhase;
			buildActionMask = 2147483647;
			files = (
				84D505DB256086B4005AFC55 /* UnzipTask.h in Headers */,
				84D505DD256086B4005AFC55 /* unzip.h in Headers */,
				84D505DC256086B4005AFC55 /* ioapi.h in Headers */,
			);
			runOnlyForDeploymentPostprocessing = 0;
		};
		84D651042560370B00CC2E75 /* Headers */ = {
			isa = PBXHeadersBuildPhase;
			buildActionMask = 2147483647;
			files = (
			);
			runOnlyForDeploymentPostprocessing = 0;
		};
		84D6512B256037CE00CC2E75 /* Headers */ = {
			isa = PBXHeadersBuildPhase;
			buildActionMask = 2147483647;
			files = (
			);
			runOnlyForDeploymentPostprocessing = 0;
		};
/* End PBXHeadersBuildPhase section */

/* Begin PBXNativeTarget section */
		84B7B62625619404003662DB /* kritaquicklookng */ = {
			isa = PBXNativeTarget;
			buildConfigurationList = 84B7B63325619404003662DB /* Build configuration list for PBXNativeTarget "kritaquicklookng" */;
			buildPhases = (
				84B7B62325619404003662DB /* Sources */,
				84B7B62425619404003662DB /* Frameworks */,
				84B7B62525619404003662DB /* Resources */,
			);
			buildRules = (
			);
			dependencies = (
				84B7B63625619534003662DB /* PBXTargetDependency */,
			);
			name = kritaquicklookng;
			productName = quicklookng;
			productReference = 84B7B62725619404003662DB /* kritaquicklookng.appex */;
			productType = "com.apple.product-type.app-extension";
		};
		84D505D625608693005AFC55 /* unziptask */ = {
			isa = PBXNativeTarget;
			buildConfigurationList = 84D505D825608693005AFC55 /* Build configuration list for PBXNativeTarget "unziptask" */;
			buildPhases = (
				84D505D325608693005AFC55 /* Headers */,
				84D505D425608693005AFC55 /* Sources */,
				84D505D525608693005AFC55 /* Frameworks */,
			);
			buildRules = (
			);
			dependencies = (
			);
			name = unziptask;
			productName = unziptask;
			productReference = 84D505D725608693005AFC55 /* libunziptask.a */;
			productType = "com.apple.product-type.library.static";
		};
		84D651062560370B00CC2E75 /* kritaquicklook */ = {
			isa = PBXNativeTarget;
			buildConfigurationList = 84D651102560370B00CC2E75 /* Build configuration list for PBXNativeTarget "kritaquicklook" */;
			buildPhases = (
				84D651042560370B00CC2E75 /* Headers */,
				84D651022560370B00CC2E75 /* Sources */,
				84D651032560370B00CC2E75 /* Frameworks */,
				84D651052560370B00CC2E75 /* Resources */,
				84D505B925607381005AFC55 /* Embed Libraries */,
			);
			buildRules = (
			);
			dependencies = (
				84D505E7256086D0005AFC55 /* PBXTargetDependency */,
			);
			name = kritaquicklook;
			productName = quicklook;
			productReference = 84D651072560370B00CC2E75 /* kritaquicklook.qlgenerator */;
			productType = "com.apple.product-type.bundle";
		};
		84D651162560371600CC2E75 /* kritaspotlight */ = {
			isa = PBXNativeTarget;
			buildConfigurationList = 84D651232560371600CC2E75 /* Build configuration list for PBXNativeTarget "kritaspotlight" */;
			buildPhases = (
				84D6512B256037CE00CC2E75 /* Headers */,
				84D651132560371600CC2E75 /* Sources */,
				84D651142560371600CC2E75 /* Frameworks */,
				84D651152560371600CC2E75 /* Resources */,
				84D505B4256072AD005AFC55 /* Embed Libraries */,
			);
			buildRules = (
			);
			dependencies = (
				84D505E4256086CA005AFC55 /* PBXTargetDependency */,
			);
			name = kritaspotlight;
			productName = spotlight;
			productReference = 84D651172560371600CC2E75 /* kritaspotlight.mdimporter */;
			productType = "com.apple.product-type.spotlight-importer";
		};
/* End PBXNativeTarget section */

/* Begin PBXProject section */
		84D650F0256036F000CC2E75 /* Project object */ = {
			isa = PBXProject;
			attributes = {
				LastSwiftUpdateCheck = 1130;
				LastUpgradeCheck = 1130;
				ORGANIZATIONNAME = "Stichting Krita Foundation";
				TargetAttributes = {
					84B7B62625619404003662DB = {
						CreatedOnToolsVersion = 11.3.1;
						LastSwiftMigration = 1130;
					};
					84D505D625608693005AFC55 = {
						CreatedOnToolsVersion = 11.3.1;
					};
					84D651062560370B00CC2E75 = {
						CreatedOnToolsVersion = 11.3.1;
					};
					84D651162560371600CC2E75 = {
						CreatedOnToolsVersion = 11.3.1;
					};
				};
			};
			buildConfigurationList = 84D650F3256036F000CC2E75 /* Build configuration list for PBXProject "integration" */;
			compatibilityVersion = "Xcode 9.3";
			developmentRegion = en;
			hasScannedForEncodings = 0;
			knownRegions = (
				en,
				Base,
			);
			mainGroup = 84D650EF256036F000CC2E75;
			productRefGroup = 84D650F9256036F000CC2E75 /* Products */;
			projectDirPath = "";
			projectRoot = "";
			targets = (
				84D651062560370B00CC2E75 /* kritaquicklook */,
				84D651162560371600CC2E75 /* kritaspotlight */,
				84D505D625608693005AFC55 /* unziptask */,
				84B7B62625619404003662DB /* kritaquicklookng */,
			);
		};
/* End PBXProject section */

/* Begin PBXResourcesBuildPhase section */
		84B7B62525619404003662DB /* Resources */ = {
			isa = PBXResourcesBuildPhase;
			buildActionMask = 2147483647;
			files = (
			);
			runOnlyForDeploymentPostprocessing = 0;
		};
		84D651052560370B00CC2E75 /* Resources */ = {
			isa = PBXResourcesBuildPhase;
			buildActionMask = 2147483647;
			files = (
			);
			runOnlyForDeploymentPostprocessing = 0;
		};
		84D651152560371600CC2E75 /* Resources */ = {
			isa = PBXResourcesBuildPhase;
			buildActionMask = 2147483647;
			files = (
			);
			runOnlyForDeploymentPostprocessing = 0;
		};
/* End PBXResourcesBuildPhase section */

/* Begin PBXSourcesBuildPhase section */
		84B7B62325619404003662DB /* Sources */ = {
			isa = PBXSourcesBuildPhase;
			buildActionMask = 2147483647;
			files = (
				84B7B62E25619404003662DB /* ThumbnailProvider.swift in Sources */,
			);
			runOnlyForDeploymentPostprocessing = 0;
		};
		84D505D425608693005AFC55 /* Sources */ = {
			isa = PBXSourcesBuildPhase;
			buildActionMask = 2147483647;
			files = (
				84D505DE256086C1005AFC55 /* UnzipTask.m in Sources */,
				84D505DF256086C1005AFC55 /* ioapi.c in Sources */,
				84D505E0256086C1005AFC55 /* unzip.c in Sources */,
			);
			runOnlyForDeploymentPostprocessing = 0;
		};
		84D651022560370B00CC2E75 /* Sources */ = {
			isa = PBXSourcesBuildPhase;
			buildActionMask = 2147483647;
			files = (
				84D6513025603A1E00CC2E75 /* GenerateThumbnailForURL.m in Sources */,
				84D6513125603A1E00CC2E75 /* GeneratePreviewForURL.m in Sources */,
				84D6510E2560370B00CC2E75 /* main.c in Sources */,
			);
			runOnlyForDeploymentPostprocessing = 0;
		};
		84D651132560371600CC2E75 /* Sources */ = {
			isa = PBXSourcesBuildPhase;
			buildActionMask = 2147483647;
			files = (
				84D6511D2560371600CC2E75 /* GetMetadataForFile.m in Sources */,
				84D6511B2560371600CC2E75 /* main.c in Sources */,
			);
			runOnlyForDeploymentPostprocessing = 0;
		};
/* End PBXSourcesBuildPhase section */

/* Begin PBXTargetDependency section */
		84B7B63625619534003662DB /* PBXTargetDependency */ = {
			isa = PBXTargetDependency;
			target = 84D505D625608693005AFC55 /* unziptask */;
			targetProxy = 84B7B63525619534003662DB /* PBXContainerItemProxy */;
		};
		84D505E4256086CA005AFC55 /* PBXTargetDependency */ = {
			isa = PBXTargetDependency;
			target = 84D505D625608693005AFC55 /* unziptask */;
			targetProxy = 84D505E3256086CA005AFC55 /* PBXContainerItemProxy */;
		};
		84D505E7256086D0005AFC55 /* PBXTargetDependency */ = {
			isa = PBXTargetDependency;
			target = 84D505D625608693005AFC55 /* unziptask */;
			targetProxy = 84D505E6256086D0005AFC55 /* PBXContainerItemProxy */;
		};
/* End PBXTargetDependency section */

/* Begin XCBuildConfiguration section */
		84B7B63125619404003662DB /* Debug */ = {
			isa = XCBuildConfiguration;
			buildSettings = {
				CLANG_ENABLE_MODULES = YES;
				CODE_SIGN_ENTITLEMENTS = quicklookng/quicklookng.entitlements;
				CODE_SIGN_STYLE = Automatic;
				GCC_PREPROCESSOR_DEFINITIONS = (
					"DEBUG=1",
					"$(inherited)",
				);
				INFOPLIST_FILE = quicklookng/Info.plist;
				LD_RUNPATH_SEARCH_PATHS = (
					"$(inherited)",
					"@executable_path/../Frameworks",
					"@executable_path/../../../../Frameworks",
				);
				MACOSX_DEPLOYMENT_TARGET = 10.15;
				MARKETING_VERSION = 4.4.0;
				PRODUCT_BUNDLE_IDENTIFIER = org.krita.quicklookng;
				PRODUCT_NAME = "$(TARGET_NAME)";
				SKIP_INSTALL = YES;
				SWIFT_ACTIVE_COMPILATION_CONDITIONS = DEBUG;
				SWIFT_OBJC_BRIDGING_HEADER = "quicklookng/quicklookng-Bridging-Header.h";
				SWIFT_OPTIMIZATION_LEVEL = "-Onone";
				SWIFT_VERSION = 5.0;
			};
			name = Debug;
		};
		84B7B63225619404003662DB /* Release */ = {
			isa = XCBuildConfiguration;
			buildSettings = {
				CLANG_ENABLE_MODULES = YES;
				CODE_SIGN_ENTITLEMENTS = quicklookng/quicklookng.entitlements;
				CODE_SIGN_STYLE = Automatic;
				INFOPLIST_FILE = quicklookng/Info.plist;
				LD_RUNPATH_SEARCH_PATHS = (
					"$(inherited)",
					"@executable_path/../Frameworks",
					"@executable_path/../../../../Frameworks",
				);
				MACOSX_DEPLOYMENT_TARGET = 10.15;
				MARKETING_VERSION = 4.4.0;
				PRODUCT_BUNDLE_IDENTIFIER = org.krita.quicklookng;
				PRODUCT_NAME = "$(TARGET_NAME)";
				SKIP_INSTALL = YES;
				SWIFT_COMPILATION_MODE = wholemodule;
				SWIFT_OBJC_BRIDGING_HEADER = "quicklookng/quicklookng-Bridging-Header.h";
				SWIFT_OPTIMIZATION_LEVEL = "-O";
				SWIFT_VERSION = 5.0;
			};
			name = Release;
		};
		84D505D925608693005AFC55 /* Debug */ = {
			isa = XCBuildConfiguration;
			buildSettings = {
				CODE_SIGN_STYLE = Automatic;
				EXECUTABLE_PREFIX = lib;
				PRODUCT_NAME = "$(TARGET_NAME)";
				SKIP_INSTALL = YES;
			};
			name = Debug;
		};
		84D505DA25608693005AFC55 /* Release */ = {
			isa = XCBuildConfiguration;
			buildSettings = {
				CODE_SIGN_STYLE = Automatic;
				EXECUTABLE_PREFIX = lib;
				PRODUCT_NAME = "$(TARGET_NAME)";
				SKIP_INSTALL = YES;
			};
			name = Release;
		};
		84D650FD256036F000CC2E75 /* Debug */ = {
			isa = XCBuildConfiguration;
			buildSettings = {
				ALWAYS_SEARCH_USER_PATHS = NO;
				CLANG_ANALYZER_NONNULL = YES;
				CLANG_ANALYZER_NUMBER_OBJECT_CONVERSION = YES_AGGRESSIVE;
				CLANG_CXX_LANGUAGE_STANDARD = "gnu++14";
				CLANG_CXX_LIBRARY = "libc++";
				CLANG_ENABLE_MODULES = YES;
				CLANG_ENABLE_OBJC_ARC = YES;
				CLANG_ENABLE_OBJC_WEAK = YES;
				CLANG_WARN_BLOCK_CAPTURE_AUTORELEASING = YES;
				CLANG_WARN_BOOL_CONVERSION = YES;
				CLANG_WARN_COMMA = YES;
				CLANG_WARN_CONSTANT_CONVERSION = YES;
				CLANG_WARN_DEPRECATED_OBJC_IMPLEMENTATIONS = YES;
				CLANG_WARN_DIRECT_OBJC_ISA_USAGE = YES_ERROR;
				CLANG_WARN_DOCUMENTATION_COMMENTS = YES;
				CLANG_WARN_EMPTY_BODY = YES;
				CLANG_WARN_ENUM_CONVERSION = YES;
				CLANG_WARN_INFINITE_RECURSION = YES;
				CLANG_WARN_INT_CONVERSION = YES;
				CLANG_WARN_NON_LITERAL_NULL_CONVERSION = YES;
				CLANG_WARN_OBJC_IMPLICIT_RETAIN_SELF = YES;
				CLANG_WARN_OBJC_LITERAL_CONVERSION = YES;
				CLANG_WARN_OBJC_ROOT_CLASS = YES_ERROR;
				CLANG_WARN_RANGE_LOOP_ANALYSIS = YES;
				CLANG_WARN_STRICT_PROTOTYPES = YES;
				CLANG_WARN_SUSPICIOUS_MOVE = YES;
				CLANG_WARN_UNGUARDED_AVAILABILITY = YES_AGGRESSIVE;
				CLANG_WARN_UNREACHABLE_CODE = YES;
				CLANG_WARN__DUPLICATE_METHOD_MATCH = YES;
				COPY_PHASE_STRIP = NO;
				DEBUG_INFORMATION_FORMAT = dwarf;
				ENABLE_STRICT_OBJC_MSGSEND = YES;
				ENABLE_TESTABILITY = YES;
				GCC_C_LANGUAGE_STANDARD = gnu11;
				GCC_DYNAMIC_NO_PIC = NO;
				GCC_NO_COMMON_BLOCKS = YES;
				GCC_OPTIMIZATION_LEVEL = 0;
				GCC_PREPROCESSOR_DEFINITIONS = (
					"DEBUG=1",
					HAVE_APPLE_COMPRESSION,
					NOUNCRYPT,
					"$(inherited)",
				);
				GCC_WARN_64_TO_32_BIT_CONVERSION = YES;
				GCC_WARN_ABOUT_RETURN_TYPE = YES_ERROR;
				GCC_WARN_UNDECLARED_SELECTOR = YES;
				GCC_WARN_UNINITIALIZED_AUTOS = YES_AGGRESSIVE;
				GCC_WARN_UNUSED_FUNCTION = YES;
				GCC_WARN_UNUSED_VARIABLE = YES;
				LD_RUNPATH_SEARCH_PATHS = "@loader_path/../../../../../Frameworks";
				MACOSX_DEPLOYMENT_TARGET = 10.13;
				MTL_ENABLE_DEBUG_INFO = INCLUDE_SOURCE;
				MTL_FAST_MATH = YES;
				ONLY_ACTIVE_ARCH = YES;
				SDKROOT = macosx;
			};
			name = Debug;
		};
		84D650FE256036F000CC2E75 /* Release */ = {
			isa = XCBuildConfiguration;
			buildSettings = {
				ALWAYS_SEARCH_USER_PATHS = NO;
				CLANG_ANALYZER_NONNULL = YES;
				CLANG_ANALYZER_NUMBER_OBJECT_CONVERSION = YES_AGGRESSIVE;
				CLANG_CXX_LANGUAGE_STANDARD = "gnu++14";
				CLANG_CXX_LIBRARY = "libc++";
				CLANG_ENABLE_MODULES = YES;
				CLANG_ENABLE_OBJC_ARC = YES;
				CLANG_ENABLE_OBJC_WEAK = YES;
				CLANG_WARN_BLOCK_CAPTURE_AUTORELEASING = YES;
				CLANG_WARN_BOOL_CONVERSION = YES;
				CLANG_WARN_COMMA = YES;
				CLANG_WARN_CONSTANT_CONVERSION = YES;
				CLANG_WARN_DEPRECATED_OBJC_IMPLEMENTATIONS = YES;
				CLANG_WARN_DIRECT_OBJC_ISA_USAGE = YES_ERROR;
				CLANG_WARN_DOCUMENTATION_COMMENTS = YES;
				CLANG_WARN_EMPTY_BODY = YES;
				CLANG_WARN_ENUM_CONVERSION = YES;
				CLANG_WARN_INFINITE_RECURSION = YES;
				CLANG_WARN_INT_CONVERSION = YES;
				CLANG_WARN_NON_LITERAL_NULL_CONVERSION = YES;
				CLANG_WARN_OBJC_IMPLICIT_RETAIN_SELF = YES;
				CLANG_WARN_OBJC_LITERAL_CONVERSION = YES;
				CLANG_WARN_OBJC_ROOT_CLASS = YES_ERROR;
				CLANG_WARN_RANGE_LOOP_ANALYSIS = YES;
				CLANG_WARN_STRICT_PROTOTYPES = YES;
				CLANG_WARN_SUSPICIOUS_MOVE = YES;
				CLANG_WARN_UNGUARDED_AVAILABILITY = YES_AGGRESSIVE;
				CLANG_WARN_UNREACHABLE_CODE = YES;
				CLANG_WARN__DUPLICATE_METHOD_MATCH = YES;
				COPY_PHASE_STRIP = NO;
				DEBUG_INFORMATION_FORMAT = "dwarf-with-dsym";
				ENABLE_NS_ASSERTIONS = NO;
				ENABLE_STRICT_OBJC_MSGSEND = YES;
				GCC_C_LANGUAGE_STANDARD = gnu11;
				GCC_NO_COMMON_BLOCKS = YES;
				GCC_PREPROCESSOR_DEFINITIONS = (
					HAVE_APPLE_COMPRESSION,
					NOUNCRYPT,
				);
				GCC_WARN_64_TO_32_BIT_CONVERSION = YES;
				GCC_WARN_ABOUT_RETURN_TYPE = YES_ERROR;
				GCC_WARN_UNDECLARED_SELECTOR = YES;
				GCC_WARN_UNINITIALIZED_AUTOS = YES_AGGRESSIVE;
				GCC_WARN_UNUSED_FUNCTION = YES;
				GCC_WARN_UNUSED_VARIABLE = YES;
				LD_RUNPATH_SEARCH_PATHS = "@loader_path/../../../../../Frameworks";
				MACOSX_DEPLOYMENT_TARGET = 10.13;
				MTL_ENABLE_DEBUG_INFO = NO;
				MTL_FAST_MATH = YES;
				SDKROOT = macosx;
			};
			name = Release;
		};
		84D651112560370B00CC2E75 /* Debug */ = {
			isa = XCBuildConfiguration;
			buildSettings = {
				CODE_SIGN_STYLE = Automatic;
				COMBINE_HIDPI_IMAGES = YES;
				INFOPLIST_FILE = quicklook/Info.plist;
				INSTALL_PATH = /Library/QuickLook;
				MARKETING_VERSION = 4.4.0;
				PRODUCT_BUNDLE_IDENTIFIER = org.krita.quicklook;
				PRODUCT_NAME = "$(TARGET_NAME)";
				WRAPPER_EXTENSION = qlgenerator;
			};
			name = Debug;
		};
		84D651122560370B00CC2E75 /* Release */ = {
			isa = XCBuildConfiguration;
			buildSettings = {
				CODE_SIGN_STYLE = Automatic;
				COMBINE_HIDPI_IMAGES = YES;
				INFOPLIST_FILE = quicklook/Info.plist;
				INSTALL_PATH = /Library/QuickLook;
				MARKETING_VERSION = 4.4.0;
				PRODUCT_BUNDLE_IDENTIFIER = org.krita.quicklook;
				PRODUCT_NAME = "$(TARGET_NAME)";
				WRAPPER_EXTENSION = qlgenerator;
			};
			name = Release;
		};
		84D651242560371600CC2E75 /* Debug */ = {
			isa = XCBuildConfiguration;
			buildSettings = {
				CODE_SIGN_STYLE = Automatic;
				COMBINE_HIDPI_IMAGES = YES;
				INFOPLIST_FILE = spotlight/Info.plist;
				INSTALL_PATH = /Library/Spotlight;
				LIBRARY_STYLE = BUNDLE;
				MARKETING_VERSION = 4.4.0;
				PRODUCT_BUNDLE_IDENTIFIER = org.krita.spotlight;
				PRODUCT_NAME = "$(TARGET_NAME)";
				SKIP_INSTALL = YES;
				WRAPPER_EXTENSION = mdimporter;
			};
			name = Debug;
		};
		84D651252560371600CC2E75 /* Release */ = {
			isa = XCBuildConfiguration;
			buildSettings = {
				CODE_SIGN_STYLE = Automatic;
				COMBINE_HIDPI_IMAGES = YES;
				INFOPLIST_FILE = spotlight/Info.plist;
				INSTALL_PATH = /Library/Spotlight;
				LIBRARY_STYLE = BUNDLE;
				MARKETING_VERSION = 4.4.0;
				PRODUCT_BUNDLE_IDENTIFIER = org.krita.spotlight;
				PRODUCT_NAME = "$(TARGET_NAME)";
				SKIP_INSTALL = YES;
				WRAPPER_EXTENSION = mdimporter;
			};
			name = Release;
		};
/* End XCBuildConfiguration section */

/* Begin XCConfigurationList section */
		84B7B63325619404003662DB /* Build configuration list for PBXNativeTarget "kritaquicklookng" */ = {
			isa = XCConfigurationList;
			buildConfigurations = (
				84B7B63125619404003662DB /* Debug */,
				84B7B63225619404003662DB /* Release */,
			);
			defaultConfigurationIsVisible = 0;
			defaultConfigurationName = Release;
		};
		84D505D825608693005AFC55 /* Build configuration list for PBXNativeTarget "unziptask" */ = {
			isa = XCConfigurationList;
			buildConfigurations = (
				84D505D925608693005AFC55 /* Debug */,
				84D505DA25608693005AFC55 /* Release */,
			);
			defaultConfigurationIsVisible = 0;
			defaultConfigurationName = Release;
		};
		84D650F3256036F000CC2E75 /* Build configuration list for PBXProject "integration" */ = {
			isa = XCConfigurationList;
			buildConfigurations = (
				84D650FD256036F000CC2E75 /* Debug */,
				84D650FE256036F000CC2E75 /* Release */,
			);
			defaultConfigurationIsVisible = 0;
			defaultConfigurationName = Release;
		};
		84D651102560370B00CC2E75 /* Build configuration list for PBXNativeTarget "kritaquicklook" */ = {
			isa = XCConfigurationList;
			buildConfigurations = (
				84D651112560370B00CC2E75 /* Debug */,
				84D651122560370B00CC2E75 /* Release */,
			);
			defaultConfigurationIsVisible = 0;
			defaultConfigurationName = Release;
		};
		84D651232560371600CC2E75 /* Build configuration list for PBXNativeTarget "kritaspotlight" */ = {
			isa = XCConfigurationList;
			buildConfigurations = (
				84D651242560371600CC2E75 /* Debug */,
				84D651252560371600CC2E75 /* Release */,
			);
			defaultConfigurationIsVisible = 0;
			defaultConfigurationName = Release;
		};
/* End XCConfigurationList section */
	};
	rootObject = 84D650F0256036F000CC2E75 /* Project object */;
}
